{
  "version": 4,
  "terraform_version": "1.14.3",
  "serial": 9,
  "lineage": "7969e775-b285-40b2-038f-40389e4c6414",
  "outputs": {},
  "resources": [
    {
      "mode": "managed",
      "type": "google_compute_autoscaler",
      "name": "autoscaler",
      "provider": "provider[\"registry.terraform.io/hashicorp/google\"]",
      "instances": [
        {
          "schema_version": 0,
          "attributes": {
            "autoscaling_policy": [
              {
                "cooldown_period": 60,
                "cpu_utilization": [
                  {
                    "predictive_method": "NONE",
                    "target": 0.6
                  }
                ],
                "load_balancing_utilization": [],
                "max_replicas": 5,
                "metric": [],
                "min_replicas": 1,
                "mode": "ON",
                "scale_in_control": [],
                "scaling_schedules": []
              }
            ],
            "creation_timestamp": "2026-01-20T07:22:01.851-08:00",
            "description": "",
            "id": "projects/project-3e800f45-77e7-454a-a2b/zones/us-central1-a/autoscalers/mig-autoscaler",
            "name": "mig-autoscaler",
            "project": "project-3e800f45-77e7-454a-a2b",
            "self_link": "https://www.googleapis.com/compute/v1/projects/project-3e800f45-77e7-454a-a2b/zones/us-central1-a/autoscalers/mig-autoscaler",
            "target": "https://www.googleapis.com/compute/v1/projects/project-3e800f45-77e7-454a-a2b/zones/us-central1-a/instanceGroupManagers/ubuntu-mig",
            "timeouts": null,
            "zone": "us-central1-a"
          },
          "sensitive_attributes": [],
          "identity_schema_version": 0,
          "private": "eyJlMmJmYjczMC1lY2FhLTExZTYtOGY4OC0zNDM2M2JjN2M0YzAiOnsiY3JlYXRlIjoxMjAwMDAwMDAwMDAwLCJkZWxldGUiOjEyMDAwMDAwMDAwMDAsInVwZGF0ZSI6MTIwMDAwMDAwMDAwMH19",
          "dependencies": [
            "google_compute_instance_group_manager.mig",
            "google_compute_instance_template.template",
            "google_compute_network.vpc",
            "google_compute_subnetwork.subnet"
          ]
        }
      ]
    },
    {
      "mode": "managed",
      "type": "google_compute_firewall",
      "name": "allow_ssh",
      "provider": "provider[\"registry.terraform.io/hashicorp/google\"]",
      "instances": [
        {
          "schema_version": 1,
          "attributes": {
            "allow": [
              {
                "ports": [
                  "22"
                ],
                "protocol": "tcp"
              }
            ],
            "creation_timestamp": "2026-01-20T07:27:58.060-08:00",
            "deny": [],
            "description": "",
            "destination_ranges": [],
            "direction": "INGRESS",
            "disabled": false,
            "enable_logging": null,
            "id": "projects/project-3e800f45-77e7-454a-a2b/global/firewalls/mig-allow-ssh",
            "log_config": [],
            "name": "mig-allow-ssh",
            "network": "https://www.googleapis.com/compute/v1/projects/project-3e800f45-77e7-454a-a2b/global/networks/mig-vpc",
            "priority": 1000,
            "project": "project-3e800f45-77e7-454a-a2b",
            "self_link": "https://www.googleapis.com/compute/v1/projects/project-3e800f45-77e7-454a-a2b/global/firewalls/mig-allow-ssh",
            "source_ranges": [
              "0.0.0.0/0"
            ],
            "source_service_accounts": null,
            "source_tags": null,
            "target_service_accounts": null,
            "target_tags": [
              "mig"
            ],
            "timeouts": null
          },
          "sensitive_attributes": [],
          "identity_schema_version": 0,
          "private": "eyJlMmJmYjczMC1lY2FhLTExZTYtOGY4OC0zNDM2M2JjN2M0YzAiOnsiY3JlYXRlIjoxMjAwMDAwMDAwMDAwLCJkZWxldGUiOjEyMDAwMDAwMDAwMDAsInVwZGF0ZSI6MTIwMDAwMDAwMDAwMH0sInNjaGVtYV92ZXJzaW9uIjoiMSJ9",
          "dependencies": [
            "google_compute_network.vpc"
          ]
        }
      ]
    },
    {
      "mode": "managed",
      "type": "google_compute_instance_group_manager",
      "name": "mig",
      "provider": "provider[\"registry.terraform.io/hashicorp/google\"]",
      "instances": [
        {
          "schema_version": 0,
          "attributes": {
            "all_instances_config": [],
            "auto_healing_policies": [],
            "base_instance_name": "ubuntu",
            "creation_timestamp": "2026-01-20T07:21:35.994-08:00",
            "description": "",
            "fingerprint": "HIAaA-0JDTg=",
            "id": "projects/project-3e800f45-77e7-454a-a2b/zones/us-central1-a/instanceGroupManagers/ubuntu-mig",
            "instance_group": "https://www.googleapis.com/compute/v1/projects/project-3e800f45-77e7-454a-a2b/zones/us-central1-a/instanceGroups/ubuntu-mig",
            "instance_lifecycle_policy": [
              {
                "default_action_on_failure": "REPAIR",
                "force_update_on_repair": "NO"
              }
            ],
            "list_managed_instances_results": "PAGELESS",
            "name": "ubuntu-mig",
            "named_port": [],
            "operation": null,
            "project": "project-3e800f45-77e7-454a-a2b",
            "self_link": "https://www.googleapis.com/compute/v1/projects/project-3e800f45-77e7-454a-a2b/zones/us-central1-a/instanceGroupManagers/ubuntu-mig",
            "stateful_disk": [],
            "stateful_external_ip": [],
            "stateful_internal_ip": [],
            "status": [
              {
                "all_instances_config": [
                  {
                    "current_revision": "",
                    "effective": true
                  }
                ],
                "is_stable": true,
                "stateful": [
                  {
                    "has_stateful_config": false,
                    "per_instance_configs": [
                      {
                        "all_effective": true
                      }
                    ]
                  }
                ],
                "version_target": [
                  {
                    "is_reached": true
                  }
                ]
              }
            ],
            "target_pools": [],
            "target_size": 1,
            "timeouts": null,
            "update_policy": [
              {
                "max_surge_fixed": 1,
                "max_surge_percent": 0,
                "max_unavailable_fixed": 1,
                "max_unavailable_percent": 0,
                "minimal_action": "REPLACE",
                "most_disruptive_allowed_action": "",
                "replacement_method": "SUBSTITUTE",
                "type": "OPPORTUNISTIC"
              }
            ],
            "version": [
              {
                "instance_template": "https://www.googleapis.com/compute/v1/projects/project-3e800f45-77e7-454a-a2b/global/instanceTemplates/ubuntu-template-20260120152132565900000001",
                "name": "",
                "target_size": []
              }
            ],
            "wait_for_instances": false,
            "wait_for_instances_status": "STABLE",
            "zone": "us-central1-a"
          },
          "sensitive_attributes": [],
          "identity_schema_version": 0,
          "private": "eyJlMmJmYjczMC1lY2FhLTExZTYtOGY4OC0zNDM2M2JjN2M0YzAiOnsiY3JlYXRlIjo5MDAwMDAwMDAwMDAsImRlbGV0ZSI6OTAwMDAwMDAwMDAwLCJ1cGRhdGUiOjkwMDAwMDAwMDAwMH19",
          "dependencies": [
            "google_compute_instance_template.template",
            "google_compute_network.vpc",
            "google_compute_subnetwork.subnet"
          ]
        }
      ]
    },
    {
      "mode": "managed",
      "type": "google_compute_instance_template",
      "name": "template",
      "provider": "provider[\"registry.terraform.io/hashicorp/google\"]",
      "instances": [
        {
          "schema_version": 1,
          "attributes": {
            "advanced_machine_features": [],
            "can_ip_forward": false,
            "confidential_instance_config": [],
            "description": "",
            "disk": [
              {
                "auto_delete": true,
                "boot": true,
                "device_name": "persistent-disk-0",
                "disk_encryption_key": [],
                "disk_name": "",
                "disk_size_gb": 0,
                "disk_type": "pd-standard",
                "interface": "SCSI",
                "labels": {},
                "mode": "READ_WRITE",
                "provisioned_iops": 0,
                "resource_manager_tags": {},
                "resource_policies": [],
                "source": "",
                "source_image": "projects/ubuntu-os-cloud/global/images/family/ubuntu-2204-lts",
                "source_image_encryption_key": [],
                "source_snapshot": "",
                "source_snapshot_encryption_key": [],
                "type": "PERSISTENT"
              }
            ],
            "effective_labels": {},
            "guest_accelerator": [],
            "id": "projects/project-3e800f45-77e7-454a-a2b/global/instanceTemplates/ubuntu-template-20260120152132565900000001",
            "instance_description": "",
            "labels": null,
            "machine_type": "e2-medium",
            "metadata": {},
            "metadata_fingerprint": "3wdV9CEku1o=",
            "metadata_startup_script": "#!/bin/bash\napt update -y\napt install -y apache2\nsystemctl start apache2\necho \"MIG Instance: $(hostname)\" \u003e /var/www/html/index.html\n",
            "min_cpu_platform": "",
            "name": "ubuntu-template-20260120152132565900000001",
            "name_prefix": "ubuntu-template-",
            "network_interface": [
              {
                "access_config": [
                  {
                    "nat_ip": "",
                    "network_tier": "PREMIUM",
                    "public_ptr_domain_name": ""
                  }
                ],
                "alias_ip_range": [],
                "internal_ipv6_prefix_length": 0,
                "ipv6_access_config": [],
                "ipv6_access_type": "",
                "ipv6_address": "",
                "name": "nic0",
                "network": "https://www.googleapis.com/compute/v1/projects/project-3e800f45-77e7-454a-a2b/global/networks/mig-vpc",
                "network_ip": "",
                "nic_type": "",
                "queue_count": 0,
                "stack_type": "",
                "subnetwork": "https://www.googleapis.com/compute/v1/projects/project-3e800f45-77e7-454a-a2b/regions/us-central1/subnetworks/mig-subnet",
                "subnetwork_project": "project-3e800f45-77e7-454a-a2b"
              }
            ],
            "network_performance_config": [],
            "project": "project-3e800f45-77e7-454a-a2b",
            "region": "us-central1",
            "reservation_affinity": [],
            "resource_manager_tags": null,
            "resource_policies": null,
            "scheduling": [
              {
                "automatic_restart": true,
                "instance_termination_action": "",
                "local_ssd_recovery_timeout": [],
                "max_run_duration": [],
                "min_node_cpus": 0,
                "node_affinities": [],
                "on_host_maintenance": "MIGRATE",
                "on_instance_stop_action": [],
                "preemptible": false,
                "provisioning_model": "STANDARD"
              }
            ],
            "self_link": "https://www.googleapis.com/compute/v1/projects/project-3e800f45-77e7-454a-a2b/global/instanceTemplates/ubuntu-template-20260120152132565900000001",
            "self_link_unique": "https://www.googleapis.com/compute/v1/projects/project-3e800f45-77e7-454a-a2b/global/instanceTemplates/ubuntu-template-20260120152132565900000001?uniqueId=1966171563732640659",
            "service_account": [],
            "shielded_instance_config": [],
            "tags": [
              "mig"
            ],
            "tags_fingerprint": "",
            "terraform_labels": {},
            "timeouts": null
          },
          "sensitive_attributes": [],
          "identity_schema_version": 0,
          "private": "eyJlMmJmYjczMC1lY2FhLTExZTYtOGY4OC0zNDM2M2JjN2M0YzAiOnsiY3JlYXRlIjoyNDAwMDAwMDAwMDAsImRlbGV0ZSI6MjQwMDAwMDAwMDAwfSwic2NoZW1hX3ZlcnNpb24iOiIxIn0=",
          "dependencies": [
            "google_compute_network.vpc",
            "google_compute_subnetwork.subnet"
          ]
        }
      ]
    },
    {
      "mode": "managed",
      "type": "google_compute_network",
      "name": "vpc",
      "provider": "provider[\"registry.terraform.io/hashicorp/google\"]",
      "instances": [
        {
          "schema_version": 0,
          "attributes": {
            "auto_create_subnetworks": false,
            "delete_default_routes_on_create": false,
            "description": "",
            "enable_ula_internal_ipv6": false,
            "gateway_ipv4": "",
            "id": "projects/project-3e800f45-77e7-454a-a2b/global/networks/mig-vpc",
            "internal_ipv6_range": "",
            "mtu": 0,
            "name": "mig-vpc",
            "network_firewall_policy_enforcement_order": "AFTER_CLASSIC_FIREWALL",
            "numeric_id": "4116179398372238265",
            "project": "project-3e800f45-77e7-454a-a2b",
            "routing_mode": "REGIONAL",
            "self_link": "https://www.googleapis.com/compute/v1/projects/project-3e800f45-77e7-454a-a2b/global/networks/mig-vpc",
            "timeouts": null
          },
          "sensitive_attributes": [],
          "identity_schema_version": 0,
          "private": "eyJlMmJmYjczMC1lY2FhLTExZTYtOGY4OC0zNDM2M2JjN2M0YzAiOnsiY3JlYXRlIjoxMjAwMDAwMDAwMDAwLCJkZWxldGUiOjEyMDAwMDAwMDAwMDAsInVwZGF0ZSI6MTIwMDAwMDAwMDAwMH19"
        }
      ]
    },
    {
      "mode": "managed",
      "type": "google_compute_subnetwork",
      "name": "subnet",
      "provider": "provider[\"registry.terraform.io/hashicorp/google\"]",
      "instances": [
        {
          "schema_version": 0,
          "attributes": {
            "creation_timestamp": "2026-01-20T07:21:17.590-08:00",
            "description": "",
            "external_ipv6_prefix": "",
            "fingerprint": null,
            "gateway_address": "10.20.0.1",
            "id": "projects/project-3e800f45-77e7-454a-a2b/regions/us-central1/subnetworks/mig-subnet",
            "internal_ipv6_prefix": "",
            "ip_cidr_range": "10.20.0.0/24",
            "ipv6_access_type": "",
            "ipv6_cidr_range": "",
            "log_config": [],
            "name": "mig-subnet",
            "network": "https://www.googleapis.com/compute/v1/projects/project-3e800f45-77e7-454a-a2b/global/networks/mig-vpc",
            "private_ip_google_access": false,
            "private_ipv6_google_access": "DISABLE_GOOGLE_ACCESS",
            "project": "project-3e800f45-77e7-454a-a2b",
            "purpose": "PRIVATE",
            "region": "us-central1",
            "role": "",
            "secondary_ip_range": [],
            "self_link": "https://www.googleapis.com/compute/v1/projects/project-3e800f45-77e7-454a-a2b/regions/us-central1/subnetworks/mig-subnet",
            "send_secondary_ip_range_if_empty": null,
            "stack_type": "IPV4_ONLY",
            "timeouts": null
          },
          "sensitive_attributes": [],
          "identity_schema_version": 0,
          "private": "eyJlMmJmYjczMC1lY2FhLTExZTYtOGY4OC0zNDM2M2JjN2M0YzAiOnsiY3JlYXRlIjoxMjAwMDAwMDAwMDAwLCJkZWxldGUiOjEyMDAwMDAwMDAwMDAsInVwZGF0ZSI6MTIwMDAwMDAwMDAwMH19",
          "dependencies": [
            "google_compute_network.vpc"
          ]
        }
      ]
    }
  ],
  "check_results": null
}
